// !$*UTF8*$!
{
	archiveVersion = 1;
	classes = {
	};
	objectVersion = 50;
	objects = {

/* Begin PBXBuildFile section */
		7D2D30301217C146BA891671 /* Pods_SocraticaPlus.framework in Frameworks */ = {isa = PBXBuildFile; fileRef = D06FA636C327549F13908808 /* Pods_SocraticaPlus.framework */; };
		890E4F3B221AB833002EF346 /* ChatViewController.swift in Sources */ = {isa = PBXBuildFile; fileRef = 890E4F3A221AB833002EF346 /* ChatViewController.swift */; };
		89C650F82211398F00CAB0B5 /* ParentDetailsViewController.swift in Sources */ = {isa = PBXBuildFile; fileRef = 89C650F72211398F00CAB0B5 /* ParentDetailsViewController.swift */; };
		89C650FC2212840C00CAB0B5 /* NotificationsCell.swift in Sources */ = {isa = PBXBuildFile; fileRef = 89C650FA2212840C00CAB0B5 /* NotificationsCell.swift */; };
		89C650FD2212840C00CAB0B5 /* NotificationsCell.xib in Resources */ = {isa = PBXBuildFile; fileRef = 89C650FB2212840C00CAB0B5 /* NotificationsCell.xib */; };
		89C650FF2212926B00CAB0B5 /* NotificationsViewController.swift in Sources */ = {isa = PBXBuildFile; fileRef = 89C650FE2212926B00CAB0B5 /* NotificationsViewController.swift */; };
		89C6510222129F3300CAB0B5 /* ReportsCell.swift in Sources */ = {isa = PBXBuildFile; fileRef = 89C6510022129F3300CAB0B5 /* ReportsCell.swift */; };
		89C6510322129F3300CAB0B5 /* ReportsCell.xib in Resources */ = {isa = PBXBuildFile; fileRef = 89C6510122129F3300CAB0B5 /* ReportsCell.xib */; };
		89C6510522129F9000CAB0B5 /* ReportsViewController.swift in Sources */ = {isa = PBXBuildFile; fileRef = 89C6510422129F9000CAB0B5 /* ReportsViewController.swift */; };
		F620E7F7216933EE001FFECC /* Poppins-Light.ttf in Resources */ = {isa = PBXBuildFile; fileRef = F620E7F1216933EE001FFECC /* Poppins-Light.ttf */; };
		F620E7F8216933EE001FFECC /* Poppins-Medium.ttf in Resources */ = {isa = PBXBuildFile; fileRef = F620E7F2216933EE001FFECC /* Poppins-Medium.ttf */; };
		F620E7F9216933EE001FFECC /* OFL.txt in Resources */ = {isa = PBXBuildFile; fileRef = F620E7F3216933EE001FFECC /* OFL.txt */; };
		F620E7FA216933EE001FFECC /* Poppins-Regular.ttf in Resources */ = {isa = PBXBuildFile; fileRef = F620E7F4216933EE001FFECC /* Poppins-Regular.ttf */; };
		F620E7FB216933EE001FFECC /* Poppins-Bold.ttf in Resources */ = {isa = PBXBuildFile; fileRef = F620E7F5216933EE001FFECC /* Poppins-Bold.ttf */; };
		F620E7FC216933EE001FFECC /* Poppins-SemiBold.ttf in Resources */ = {isa = PBXBuildFile; fileRef = F620E7F6216933EE001FFECC /* Poppins-SemiBold.ttf */; };
		F620E80021694087001FFECC /* image.png in Resources */ = {isa = PBXBuildFile; fileRef = F620E7FF21694087001FFECC /* image.png */; };
		F6297B0021A9E34E007AB15B /* SocraticaSharedClass.swift in Sources */ = {isa = PBXBuildFile; fileRef = F6297AFF21A9E34E007AB15B /* SocraticaSharedClass.swift */; };
		F6297B0221A9E354007AB15B /* Constants.swift in Sources */ = {isa = PBXBuildFile; fileRef = F6297B0121A9E353007AB15B /* Constants.swift */; };
		F6297B0421A9E3F8007AB15B /* SocraticaWebserviceCalls.swift in Sources */ = {isa = PBXBuildFile; fileRef = F6297B0321A9E3F8007AB15B /* SocraticaWebserviceCalls.swift */; };
		F6769C6721672B9100739EBA /* AppDelegate.swift in Sources */ = {isa = PBXBuildFile; fileRef = F6769C6621672B9100739EBA /* AppDelegate.swift */; };
		F6769C6921672B9100739EBA /* ViewController.swift in Sources */ = {isa = PBXBuildFile; fileRef = F6769C6821672B9100739EBA /* ViewController.swift */; };
		F6769C6C21672B9100739EBA /* Main.storyboard in Resources */ = {isa = PBXBuildFile; fileRef = F6769C6A21672B9100739EBA /* Main.storyboard */; };
		F6769C6F21672B9100739EBA /* SocraticaPlus.xcdatamodeld in Sources */ = {isa = PBXBuildFile; fileRef = F6769C6D21672B9100739EBA /* SocraticaPlus.xcdatamodeld */; };
		F6769C7121672B9300739EBA /* Assets.xcassets in Resources */ = {isa = PBXBuildFile; fileRef = F6769C7021672B9300739EBA /* Assets.xcassets */; };
		F6769C7421672B9300739EBA /* LaunchScreen.storyboard in Resources */ = {isa = PBXBuildFile; fileRef = F6769C7221672B9300739EBA /* LaunchScreen.storyboard */; };
		F6769C7C21674BE300739EBA /* OTPViewController.swift in Sources */ = {isa = PBXBuildFile; fileRef = F6769C7B21674BE300739EBA /* OTPViewController.swift */; };
		F67ADBF721676A1B00FD5878 /* CustomTextField.swift in Sources */ = {isa = PBXBuildFile; fileRef = F67ADBF421676A1A00FD5878 /* CustomTextField.swift */; };
		F67ADBF821676A1B00FD5878 /* CustomButton.swift in Sources */ = {isa = PBXBuildFile; fileRef = F67ADBF521676A1A00FD5878 /* CustomButton.swift */; };
		F67ADBF921676A1B00FD5878 /* CustomLabel.swift in Sources */ = {isa = PBXBuildFile; fileRef = F67ADBF621676A1B00FD5878 /* CustomLabel.swift */; };
		F67ADBFC2167779000FD5878 /* CreatePwdViewController.swift in Sources */ = {isa = PBXBuildFile; fileRef = F67ADBFB2167779000FD5878 /* CreatePwdViewController.swift */; };
		F67ADBFE21677D6300FD5878 /* HomeViewController.swift in Sources */ = {isa = PBXBuildFile; fileRef = F67ADBFD21677D6300FD5878 /* HomeViewController.swift */; };
		F6929429216CABFC00D8B782 /* Countries.bundle in Resources */ = {isa = PBXBuildFile; fileRef = F6929416216CABFB00D8B782 /* Countries.bundle */; };
		F692942A216CABFC00D8B782 /* CountriesViewController.storyboard in Resources */ = {isa = PBXBuildFile; fileRef = F6929417216CABFB00D8B782 /* CountriesViewController.storyboard */; };
		F692942B216CABFC00D8B782 /* CountryCode.swift in Sources */ = {isa = PBXBuildFile; fileRef = F6929419216CABFB00D8B782 /* CountryCode.swift */; };
		F692942C216CABFC00D8B782 /* PhoneExtension.swift in Sources */ = {isa = PBXBuildFile; fileRef = F692941A216CABFB00D8B782 /* PhoneExtension.swift */; };
		F692942D216CABFC00D8B782 /* NKVSource.swift in Sources */ = {isa = PBXBuildFile; fileRef = F692941B216CABFB00D8B782 /* NKVSource.swift */; };
		F692942E216CABFC00D8B782 /* Country.swift in Sources */ = {isa = PBXBuildFile; fileRef = F692941C216CABFB00D8B782 /* Country.swift */; };
		F692942F216CABFC00D8B782 /* NKVFlagView.swift in Sources */ = {isa = PBXBuildFile; fileRef = F692941E216CABFB00D8B782 /* NKVFlagView.swift */; };
		F6929430216CABFC00D8B782 /* NKVPhonePickerTextField.swift in Sources */ = {isa = PBXBuildFile; fileRef = F692941F216CABFB00D8B782 /* NKVPhonePickerTextField.swift */; };
		F6929431216CABFC00D8B782 /* TextFieldWithPattern.swift in Sources */ = {isa = PBXBuildFile; fileRef = F6929420216CABFB00D8B782 /* TextFieldWithPattern.swift */; };
		F6929432216CABFC00D8B782 /* NKVPhonePickerPresenter.swift in Sources */ = {isa = PBXBuildFile; fileRef = F6929421216CABFB00D8B782 /* NKVPhonePickerPresenter.swift */; };
		F6929433216CABFC00D8B782 /* CountriesViewController.swift in Sources */ = {isa = PBXBuildFile; fileRef = F6929422216CABFB00D8B782 /* CountriesViewController.swift */; };
		F6929435216CABFC00D8B782 /* NKVSourcesHelper.swift in Sources */ = {isa = PBXBuildFile; fileRef = F6929426216CABFB00D8B782 /* NKVSourcesHelper.swift */; };
		F6929436216CABFC00D8B782 /* NKVPhoneFormatter.swift in Sources */ = {isa = PBXBuildFile; fileRef = F6929427216CABFB00D8B782 /* NKVPhoneFormatter.swift */; };
		F6929437216CABFC00D8B782 /* NKVLocalizationHelper.swift in Sources */ = {isa = PBXBuildFile; fileRef = F6929428216CABFB00D8B782 /* NKVLocalizationHelper.swift */; };
		F692943B216CCA1400D8B782 /* LoginViewController.swift in Sources */ = {isa = PBXBuildFile; fileRef = F692943A216CCA1400D8B782 /* LoginViewController.swift */; };
		F692943D216CD36200D8B782 /* ForgotPasswordVC.swift in Sources */ = {isa = PBXBuildFile; fileRef = F692943C216CD36200D8B782 /* ForgotPasswordVC.swift */; };
		F6E1FCDC216B9B5700C12CDE /* Reports.png in Resources */ = {isa = PBXBuildFile; fileRef = F6E1FCD9216B9B5600C12CDE /* Reports.png */; };
		F6E1FCDD216B9B5700C12CDE /* notifications.png in Resources */ = {isa = PBXBuildFile; fileRef = F6E1FCDA216B9B5600C12CDE /* notifications.png */; };
		F6E1FCDE216B9B5700C12CDE /* dashboard.png in Resources */ = {isa = PBXBuildFile; fileRef = F6E1FCDB216B9B5600C12CDE /* dashboard.png */; };
		F6E1FCE3216B9C7A00C12CDE /* chat.png in Resources */ = {isa = PBXBuildFile; fileRef = F6E1FCDF216B9C7700C12CDE /* chat.png */; };
		F6E1FCE4216B9C7A00C12CDE /* repo.png in Resources */ = {isa = PBXBuildFile; fileRef = F6E1FCE0216B9C7800C12CDE /* repo.png */; };
		F6E1FCE5216B9C7A00C12CDE /* noti.png in Resources */ = {isa = PBXBuildFile; fileRef = F6E1FCE1216B9C7900C12CDE /* noti.png */; };
		F6E1FCE6216B9C7A00C12CDE /* dash.png in Resources */ = {isa = PBXBuildFile; fileRef = F6E1FCE2216B9C7900C12CDE /* dash.png */; };
		F6EF318E216A77AC008DA4F5 /* popup.png in Resources */ = {isa = PBXBuildFile; fileRef = F6EF318D216A77AC008DA4F5 /* popup.png */; };
/* End PBXBuildFile section */

/* Begin PBXFileReference section */
		10E58274DC412E945A7102C3 /* Pods-SocraticaPlus.release.xcconfig */ = {isa = PBXFileReference; includeInIndex = 1; lastKnownFileType = text.xcconfig; name = "Pods-SocraticaPlus.release.xcconfig"; path = "Pods/Target Support Files/Pods-SocraticaPlus/Pods-SocraticaPlus.release.xcconfig"; sourceTree = "<group>"; };
		2659D0C365AA67865B87134D /* Pods-SocraticaPlus.debug.xcconfig */ = {isa = PBXFileReference; includeInIndex = 1; lastKnownFileType = text.xcconfig; name = "Pods-SocraticaPlus.debug.xcconfig"; path = "Pods/Target Support Files/Pods-SocraticaPlus/Pods-SocraticaPlus.debug.xcconfig"; sourceTree = "<group>"; };
		890E4F3A221AB833002EF346 /* ChatViewController.swift */ = {isa = PBXFileReference; lastKnownFileType = sourcecode.swift; path = ChatViewController.swift; sourceTree = "<group>"; };
		89C650F72211398F00CAB0B5 /* ParentDetailsViewController.swift */ = {isa = PBXFileReference; lastKnownFileType = sourcecode.swift; path = ParentDetailsViewController.swift; sourceTree = "<group>"; };
		89C650FA2212840C00CAB0B5 /* NotificationsCell.swift */ = {isa = PBXFileReference; lastKnownFileType = sourcecode.swift; path = NotificationsCell.swift; sourceTree = "<group>"; };
		89C650FB2212840C00CAB0B5 /* NotificationsCell.xib */ = {isa = PBXFileReference; lastKnownFileType = file.xib; path = NotificationsCell.xib; sourceTree = "<group>"; };
		89C650FE2212926B00CAB0B5 /* NotificationsViewController.swift */ = {isa = PBXFileReference; lastKnownFileType = sourcecode.swift; path = NotificationsViewController.swift; sourceTree = "<group>"; };
		89C6510022129F3300CAB0B5 /* ReportsCell.swift */ = {isa = PBXFileReference; lastKnownFileType = sourcecode.swift; path = ReportsCell.swift; sourceTree = "<group>"; };
		89C6510122129F3300CAB0B5 /* ReportsCell.xib */ = {isa = PBXFileReference; lastKnownFileType = file.xib; path = ReportsCell.xib; sourceTree = "<group>"; };
		89C6510422129F9000CAB0B5 /* ReportsViewController.swift */ = {isa = PBXFileReference; lastKnownFileType = sourcecode.swift; path = ReportsViewController.swift; sourceTree = "<group>"; };
		D06FA636C327549F13908808 /* Pods_SocraticaPlus.framework */ = {isa = PBXFileReference; explicitFileType = wrapper.framework; includeInIndex = 0; path = Pods_SocraticaPlus.framework; sourceTree = BUILT_PRODUCTS_DIR; };
		F620E7F1216933EE001FFECC /* Poppins-Light.ttf */ = {isa = PBXFileReference; lastKnownFileType = file; path = "Poppins-Light.ttf"; sourceTree = "<group>"; };
		F620E7F2216933EE001FFECC /* Poppins-Medium.ttf */ = {isa = PBXFileReference; lastKnownFileType = file; path = "Poppins-Medium.ttf"; sourceTree = "<group>"; };
		F620E7F3216933EE001FFECC /* OFL.txt */ = {isa = PBXFileReference; fileEncoding = 4; lastKnownFileType = text; path = OFL.txt; sourceTree = "<group>"; };
		F620E7F4216933EE001FFECC /* Poppins-Regular.ttf */ = {isa = PBXFileReference; lastKnownFileType = file; path = "Poppins-Regular.ttf"; sourceTree = "<group>"; };
		F620E7F5216933EE001FFECC /* Poppins-Bold.ttf */ = {isa = PBXFileReference; lastKnownFileType = file; path = "Poppins-Bold.ttf"; sourceTree = "<group>"; };
		F620E7F6216933EE001FFECC /* Poppins-SemiBold.ttf */ = {isa = PBXFileReference; lastKnownFileType = file; path = "Poppins-SemiBold.ttf"; sourceTree = "<group>"; };
		F620E7FF21694087001FFECC /* image.png */ = {isa = PBXFileReference; lastKnownFileType = image.png; path = image.png; sourceTree = "<group>"; };
		F6297AFF21A9E34E007AB15B /* SocraticaSharedClass.swift */ = {isa = PBXFileReference; fileEncoding = 4; lastKnownFileType = sourcecode.swift; path = SocraticaSharedClass.swift; sourceTree = "<group>"; };
		F6297B0121A9E353007AB15B /* Constants.swift */ = {isa = PBXFileReference; fileEncoding = 4; lastKnownFileType = sourcecode.swift; path = Constants.swift; sourceTree = "<group>"; };
		F6297B0321A9E3F8007AB15B /* SocraticaWebserviceCalls.swift */ = {isa = PBXFileReference; fileEncoding = 4; lastKnownFileType = sourcecode.swift; path = SocraticaWebserviceCalls.swift; sourceTree = "<group>"; };
		F6769C6321672B9100739EBA /* SocraticaPlus.app */ = {isa = PBXFileReference; explicitFileType = wrapper.application; includeInIndex = 0; path = SocraticaPlus.app; sourceTree = BUILT_PRODUCTS_DIR; };
		F6769C6621672B9100739EBA /* AppDelegate.swift */ = {isa = PBXFileReference; lastKnownFileType = sourcecode.swift; path = AppDelegate.swift; sourceTree = "<group>"; };
		F6769C6821672B9100739EBA /* ViewController.swift */ = {isa = PBXFileReference; lastKnownFileType = sourcecode.swift; path = ViewController.swift; sourceTree = "<group>"; };
		F6769C6B21672B9100739EBA /* Base */ = {isa = PBXFileReference; lastKnownFileType = file.storyboard; name = Base; path = Base.lproj/Main.storyboard; sourceTree = "<group>"; };
		F6769C6E21672B9100739EBA /* SocraticaPlus.xcdatamodel */ = {isa = PBXFileReference; lastKnownFileType = wrapper.xcdatamodel; path = SocraticaPlus.xcdatamodel; sourceTree = "<group>"; };
		F6769C7021672B9300739EBA /* Assets.xcassets */ = {isa = PBXFileReference; lastKnownFileType = folder.assetcatalog; path = Assets.xcassets; sourceTree = "<group>"; };
		F6769C7321672B9300739EBA /* Base */ = {isa = PBXFileReference; lastKnownFileType = file.storyboard; name = Base; path = Base.lproj/LaunchScreen.storyboard; sourceTree = "<group>"; };
		F6769C7521672B9300739EBA /* Info.plist */ = {isa = PBXFileReference; lastKnownFileType = text.plist.xml; path = Info.plist; sourceTree = "<group>"; };
		F6769C7B21674BE300739EBA /* OTPViewController.swift */ = {isa = PBXFileReference; lastKnownFileType = sourcecode.swift; path = OTPViewController.swift; sourceTree = "<group>"; };
		F67ADBF421676A1A00FD5878 /* CustomTextField.swift */ = {isa = PBXFileReference; fileEncoding = 4; lastKnownFileType = sourcecode.swift; path = CustomTextField.swift; sourceTree = "<group>"; };
		F67ADBF521676A1A00FD5878 /* CustomButton.swift */ = {isa = PBXFileReference; fileEncoding = 4; lastKnownFileType = sourcecode.swift; path = CustomButton.swift; sourceTree = "<group>"; };
		F67ADBF621676A1B00FD5878 /* CustomLabel.swift */ = {isa = PBXFileReference; fileEncoding = 4; lastKnownFileType = sourcecode.swift; path = CustomLabel.swift; sourceTree = "<group>"; };
		F67ADBFB2167779000FD5878 /* CreatePwdViewController.swift */ = {isa = PBXFileReference; lastKnownFileType = sourcecode.swift; path = CreatePwdViewController.swift; sourceTree = "<group>"; };
		F67ADBFD21677D6300FD5878 /* HomeViewController.swift */ = {isa = PBXFileReference; lastKnownFileType = sourcecode.swift; path = HomeViewController.swift; sourceTree = "<group>"; };
		F6929416216CABFB00D8B782 /* Countries.bundle */ = {isa = PBXFileReference; lastKnownFileType = "wrapper.plug-in"; path = Countries.bundle; sourceTree = "<group>"; };
		F6929417216CABFB00D8B782 /* CountriesViewController.storyboard */ = {isa = PBXFileReference; fileEncoding = 4; lastKnownFileType = file.storyboard; path = CountriesViewController.storyboard; sourceTree = "<group>"; };
		F6929419216CABFB00D8B782 /* CountryCode.swift */ = {isa = PBXFileReference; fileEncoding = 4; lastKnownFileType = sourcecode.swift; path = CountryCode.swift; sourceTree = "<group>"; };
		F692941A216CABFB00D8B782 /* PhoneExtension.swift */ = {isa = PBXFileReference; fileEncoding = 4; lastKnownFileType = sourcecode.swift; path = PhoneExtension.swift; sourceTree = "<group>"; };
		F692941B216CABFB00D8B782 /* NKVSource.swift */ = {isa = PBXFileReference; fileEncoding = 4; lastKnownFileType = sourcecode.swift; path = NKVSource.swift; sourceTree = "<group>"; };
		F692941C216CABFB00D8B782 /* Country.swift */ = {isa = PBXFileReference; fileEncoding = 4; lastKnownFileType = sourcecode.swift; path = Country.swift; sourceTree = "<group>"; };
		F692941E216CABFB00D8B782 /* NKVFlagView.swift */ = {isa = PBXFileReference; fileEncoding = 4; lastKnownFileType = sourcecode.swift; path = NKVFlagView.swift; sourceTree = "<group>"; };
		F692941F216CABFB00D8B782 /* NKVPhonePickerTextField.swift */ = {isa = PBXFileReference; fileEncoding = 4; lastKnownFileType = sourcecode.swift; path = NKVPhonePickerTextField.swift; sourceTree = "<group>"; };
		F6929420216CABFB00D8B782 /* TextFieldWithPattern.swift */ = {isa = PBXFileReference; fileEncoding = 4; lastKnownFileType = sourcecode.swift; path = TextFieldWithPattern.swift; sourceTree = "<group>"; };
		F6929421216CABFB00D8B782 /* NKVPhonePickerPresenter.swift */ = {isa = PBXFileReference; fileEncoding = 4; lastKnownFileType = sourcecode.swift; path = NKVPhonePickerPresenter.swift; sourceTree = "<group>"; };
		F6929422216CABFB00D8B782 /* CountriesViewController.swift */ = {isa = PBXFileReference; fileEncoding = 4; lastKnownFileType = sourcecode.swift; path = CountriesViewController.swift; sourceTree = "<group>"; };
		F6929426216CABFB00D8B782 /* NKVSourcesHelper.swift */ = {isa = PBXFileReference; fileEncoding = 4; lastKnownFileType = sourcecode.swift; path = NKVSourcesHelper.swift; sourceTree = "<group>"; };
		F6929427216CABFB00D8B782 /* NKVPhoneFormatter.swift */ = {isa = PBXFileReference; fileEncoding = 4; lastKnownFileType = sourcecode.swift; path = NKVPhoneFormatter.swift; sourceTree = "<group>"; };
		F6929428216CABFB00D8B782 /* NKVLocalizationHelper.swift */ = {isa = PBXFileReference; fileEncoding = 4; lastKnownFileType = sourcecode.swift; path = NKVLocalizationHelper.swift; sourceTree = "<group>"; };
		F692943A216CCA1400D8B782 /* LoginViewController.swift */ = {isa = PBXFileReference; lastKnownFileType = sourcecode.swift; path = LoginViewController.swift; sourceTree = "<group>"; };
		F692943C216CD36200D8B782 /* ForgotPasswordVC.swift */ = {isa = PBXFileReference; lastKnownFileType = sourcecode.swift; path = ForgotPasswordVC.swift; sourceTree = "<group>"; };
		F6E1FCD9216B9B5600C12CDE /* Reports.png */ = {isa = PBXFileReference; lastKnownFileType = image.png; path = Reports.png; sourceTree = "<group>"; };
		F6E1FCDA216B9B5600C12CDE /* notifications.png */ = {isa = PBXFileReference; lastKnownFileType = image.png; path = notifications.png; sourceTree = "<group>"; };
		F6E1FCDB216B9B5600C12CDE /* dashboard.png */ = {isa = PBXFileReference; lastKnownFileType = image.png; path = dashboard.png; sourceTree = "<group>"; };
		F6E1FCDF216B9C7700C12CDE /* chat.png */ = {isa = PBXFileReference; lastKnownFileType = image.png; path = chat.png; sourceTree = "<group>"; };
		F6E1FCE0216B9C7800C12CDE /* repo.png */ = {isa = PBXFileReference; lastKnownFileType = image.png; path = repo.png; sourceTree = "<group>"; };
		F6E1FCE1216B9C7900C12CDE /* noti.png */ = {isa = PBXFileReference; lastKnownFileType = image.png; path = noti.png; sourceTree = "<group>"; };
		F6E1FCE2216B9C7900C12CDE /* dash.png */ = {isa = PBXFileReference; lastKnownFileType = image.png; path = dash.png; sourceTree = "<group>"; };
		F6EF318D216A77AC008DA4F5 /* popup.png */ = {isa = PBXFileReference; lastKnownFileType = image.png; path = popup.png; sourceTree = "<group>"; };
/* End PBXFileReference section */

/* Begin PBXFrameworksBuildPhase section */
		F6769C6021672B9100739EBA /* Frameworks */ = {
			isa = PBXFrameworksBuildPhase;
			buildActionMask = 2147483647;
			files = (
				7D2D30301217C146BA891671 /* Pods_SocraticaPlus.framework in Frameworks */,
			);
			runOnlyForDeploymentPostprocessing = 0;
		};
/* End PBXFrameworksBuildPhase section */

/* Begin PBXGroup section */
		89C650F9221283CD00CAB0B5 /* CustomCells */ = {
			isa = PBXGroup;
			children = (
				89C650FA2212840C00CAB0B5 /* NotificationsCell.swift */,
				89C650FB2212840C00CAB0B5 /* NotificationsCell.xib */,
				89C6510022129F3300CAB0B5 /* ReportsCell.swift */,
				89C6510122129F3300CAB0B5 /* ReportsCell.xib */,
			);
			path = CustomCells;
			sourceTree = "<group>";
		};
		CB862470DA095E655C94DE7B /* Frameworks */ = {
			isa = PBXGroup;
			children = (
				D06FA636C327549F13908808 /* Pods_SocraticaPlus.framework */,
			);
			name = Frameworks;
			sourceTree = "<group>";
		};
		EE39BD782E7055A1D8C9DA4A /* Pods */ = {
			isa = PBXGroup;
			children = (
				2659D0C365AA67865B87134D /* Pods-SocraticaPlus.debug.xcconfig */,
				10E58274DC412E945A7102C3 /* Pods-SocraticaPlus.release.xcconfig */,
			);
			name = Pods;
			sourceTree = "<group>";
		};
		F620E7F0216933EE001FFECC /* Poppins */ = {
			isa = PBXGroup;
			children = (
				F620E7F1216933EE001FFECC /* Poppins-Light.ttf */,
				F620E7FF21694087001FFECC /* image.png */,
				F620E7F2216933EE001FFECC /* Poppins-Medium.ttf */,
				F620E7F3216933EE001FFECC /* OFL.txt */,
				F620E7F4216933EE001FFECC /* Poppins-Regular.ttf */,
				F620E7F5216933EE001FFECC /* Poppins-Bold.ttf */,
				F620E7F6216933EE001FFECC /* Poppins-SemiBold.ttf */,
			);
			path = Poppins;
			sourceTree = "<group>";
		};
		F6769C5A21672B9100739EBA = {
			isa = PBXGroup;
			children = (
				F6E1FCDB216B9B5600C12CDE /* dashboard.png */,
				F6E1FCDA216B9B5600C12CDE /* notifications.png */,
				F6E1FCD9216B9B5600C12CDE /* Reports.png */,
				F6929414216CABFB00D8B782 /* Sources */,
				F620E7F0216933EE001FFECC /* Poppins */,
				F6769C6521672B9100739EBA /* SocraticaPlus */,
				F6769C6421672B9100739EBA /* Products */,
				EE39BD782E7055A1D8C9DA4A /* Pods */,
				CB862470DA095E655C94DE7B /* Frameworks */,
			);
			sourceTree = "<group>";
		};
		F6769C6421672B9100739EBA /* Products */ = {
			isa = PBXGroup;
			children = (
				F6769C6321672B9100739EBA /* SocraticaPlus.app */,
			);
			name = Products;
			sourceTree = "<group>";
		};
		F6769C6521672B9100739EBA /* SocraticaPlus */ = {
			isa = PBXGroup;
			children = (
				F6297B0321A9E3F8007AB15B /* SocraticaWebserviceCalls.swift */,
				F6297B0121A9E353007AB15B /* Constants.swift */,
				F6297AFF21A9E34E007AB15B /* SocraticaSharedClass.swift */,
				F67ADBFA2167774000FD5878 /* CustomClasses */,
				F6769C6621672B9100739EBA /* AppDelegate.swift */,
				F692943A216CCA1400D8B782 /* LoginViewController.swift */,
				F6769C6821672B9100739EBA /* ViewController.swift */,
				F692943C216CD36200D8B782 /* ForgotPasswordVC.swift */,
				F6769C7B21674BE300739EBA /* OTPViewController.swift */,
				F67ADBFB2167779000FD5878 /* CreatePwdViewController.swift */,
				F67ADBFD21677D6300FD5878 /* HomeViewController.swift */,
				89C650F72211398F00CAB0B5 /* ParentDetailsViewController.swift */,
				890E4F3A221AB833002EF346 /* ChatViewController.swift */,
				F6EF318D216A77AC008DA4F5 /* popup.png */,
				F6769C6A21672B9100739EBA /* Main.storyboard */,
				F6769C7021672B9300739EBA /* Assets.xcassets */,
				F6E1FCDF216B9C7700C12CDE /* chat.png */,
				F6E1FCE2216B9C7900C12CDE /* dash.png */,
				F6E1FCE1216B9C7900C12CDE /* noti.png */,
				F6E1FCE0216B9C7800C12CDE /* repo.png */,
				F6769C7221672B9300739EBA /* LaunchScreen.storyboard */,
				F6769C7521672B9300739EBA /* Info.plist */,
				F6769C6D21672B9100739EBA /* SocraticaPlus.xcdatamodeld */,
				89C650FE2212926B00CAB0B5 /* NotificationsViewController.swift */,
				89C6510422129F9000CAB0B5 /* ReportsViewController.swift */,
			);
			path = SocraticaPlus;
			sourceTree = "<group>";
		};
		F67ADBFA2167774000FD5878 /* CustomClasses */ = {
			isa = PBXGroup;
			children = (
				F67ADBF521676A1A00FD5878 /* CustomButton.swift */,
				F67ADBF621676A1B00FD5878 /* CustomLabel.swift */,
				F67ADBF421676A1A00FD5878 /* CustomTextField.swift */,
			);
			name = CustomClasses;
			path = "New Group";
			sourceTree = "<group>";
		};
		F6929414216CABFB00D8B782 /* Sources */ = {
			isa = PBXGroup;
			children = (
				F6929415216CABFB00D8B782 /* Bundle */,
				F6929418216CABFB00D8B782 /* Models */,
				F692941D216CABFB00D8B782 /* Main */,
				F6929425216CABFB00D8B782 /* Helpers */,
			);
			path = Sources;
			sourceTree = "<group>";
		};
		F6929415216CABFB00D8B782 /* Bundle */ = {
			isa = PBXGroup;
			children = (
				F6929416216CABFB00D8B782 /* Countries.bundle */,
				F6929417216CABFB00D8B782 /* CountriesViewController.storyboard */,
			);
			path = Bundle;
			sourceTree = "<group>";
		};
		F6929418216CABFB00D8B782 /* Models */ = {
			isa = PBXGroup;
			children = (
				89C650F9221283CD00CAB0B5 /* CustomCells */,
				F6929419216CABFB00D8B782 /* CountryCode.swift */,
				F692941A216CABFB00D8B782 /* PhoneExtension.swift */,
				F692941B216CABFB00D8B782 /* NKVSource.swift */,
				F692941C216CABFB00D8B782 /* Country.swift */,
			);
			path = Models;
			sourceTree = "<group>";
		};
		F692941D216CABFB00D8B782 /* Main */ = {
			isa = PBXGroup;
			children = (
				F692941E216CABFB00D8B782 /* NKVFlagView.swift */,
				F692941F216CABFB00D8B782 /* NKVPhonePickerTextField.swift */,
				F6929420216CABFB00D8B782 /* TextFieldWithPattern.swift */,
				F6929421216CABFB00D8B782 /* NKVPhonePickerPresenter.swift */,
				F6929422216CABFB00D8B782 /* CountriesViewController.swift */,
			);
			path = Main;
			sourceTree = "<group>";
		};
		F6929425216CABFB00D8B782 /* Helpers */ = {
			isa = PBXGroup;
			children = (
				F6929426216CABFB00D8B782 /* NKVSourcesHelper.swift */,
				F6929427216CABFB00D8B782 /* NKVPhoneFormatter.swift */,
				F6929428216CABFB00D8B782 /* NKVLocalizationHelper.swift */,
			);
			path = Helpers;
			sourceTree = "<group>";
		};
/* End PBXGroup section */

/* Begin PBXNativeTarget section */
		F6769C6221672B9100739EBA /* SocraticaPlus */ = {
			isa = PBXNativeTarget;
			buildConfigurationList = F6769C7821672B9300739EBA /* Build configuration list for PBXNativeTarget "SocraticaPlus" */;
			buildPhases = (
				B82F2E6F6921165DAE52B980 /* [CP] Check Pods Manifest.lock */,
				F6769C5F21672B9100739EBA /* Sources */,
				F6769C6021672B9100739EBA /* Frameworks */,
				F6769C6121672B9100739EBA /* Resources */,
				3115A2A1FEE82F2FCD494B50 /* [CP] Embed Pods Frameworks */,
			);
			buildRules = (
			);
			dependencies = (
			);
			name = SocraticaPlus;
			productName = SocraticaPlus;
			productReference = F6769C6321672B9100739EBA /* SocraticaPlus.app */;
			productType = "com.apple.product-type.application";
		};
/* End PBXNativeTarget section */

/* Begin PBXProject section */
		F6769C5B21672B9100739EBA /* Project object */ = {
			isa = PBXProject;
			attributes = {
				LastSwiftUpdateCheck = 0940;
				LastUpgradeCheck = 0940;
				ORGANIZATIONNAME = Gaian;
				TargetAttributes = {
					F6769C6221672B9100739EBA = {
						CreatedOnToolsVersion = 9.4;
					};
				};
			};
			buildConfigurationList = F6769C5E21672B9100739EBA /* Build configuration list for PBXProject "SocraticaPlus" */;
			compatibilityVersion = "Xcode 9.3";
			developmentRegion = en;
			hasScannedForEncodings = 0;
			knownRegions = (
				en,
				Base,
			);
			mainGroup = F6769C5A21672B9100739EBA;
			productRefGroup = F6769C6421672B9100739EBA /* Products */;
			projectDirPath = "";
			projectRoot = "";
			targets = (
				F6769C6221672B9100739EBA /* SocraticaPlus */,
			);
		};
/* End PBXProject section */

/* Begin PBXResourcesBuildPhase section */
		F6769C6121672B9100739EBA /* Resources */ = {
			isa = PBXResourcesBuildPhase;
			buildActionMask = 2147483647;
			files = (
				F6E1FCDE216B9B5700C12CDE /* dashboard.png in Resources */,
				F6E1FCE4216B9C7A00C12CDE /* repo.png in Resources */,
				F6EF318E216A77AC008DA4F5 /* popup.png in Resources */,
				F620E7F9216933EE001FFECC /* OFL.txt in Resources */,
				F6769C7421672B9300739EBA /* LaunchScreen.storyboard in Resources */,
				F620E7FA216933EE001FFECC /* Poppins-Regular.ttf in Resources */,
				F620E7FB216933EE001FFECC /* Poppins-Bold.ttf in Resources */,
				F6769C7121672B9300739EBA /* Assets.xcassets in Resources */,
				F692942A216CABFC00D8B782 /* CountriesViewController.storyboard in Resources */,
				F6769C6C21672B9100739EBA /* Main.storyboard in Resources */,
				F620E80021694087001FFECC /* image.png in Resources */,
				F620E7FC216933EE001FFECC /* Poppins-SemiBold.ttf in Resources */,
				F6E1FCE6216B9C7A00C12CDE /* dash.png in Resources */,
				F6E1FCDC216B9B5700C12CDE /* Reports.png in Resources */,
				F6929429216CABFC00D8B782 /* Countries.bundle in Resources */,
				F6E1FCE3216B9C7A00C12CDE /* chat.png in Resources */,
				F620E7F7216933EE001FFECC /* Poppins-Light.ttf in Resources */,
				89C650FD2212840C00CAB0B5 /* NotificationsCell.xib in Resources */,
				F6E1FCE5216B9C7A00C12CDE /* noti.png in Resources */,
				F620E7F8216933EE001FFECC /* Poppins-Medium.ttf in Resources */,
				F6E1FCDD216B9B5700C12CDE /* notifications.png in Resources */,
				89C6510322129F3300CAB0B5 /* ReportsCell.xib in Resources */,
			);
			runOnlyForDeploymentPostprocessing = 0;
		};
/* End PBXResourcesBuildPhase section */

/* Begin PBXShellScriptBuildPhase section */
		3115A2A1FEE82F2FCD494B50 /* [CP] Embed Pods Frameworks */ = {
			isa = PBXShellScriptBuildPhase;
			buildActionMask = 2147483647;
			files = (
			);
			inputPaths = (
				"${SRCROOT}/Pods/Target Support Files/Pods-SocraticaPlus/Pods-SocraticaPlus-frameworks.sh",
				"${BUILT_PRODUCTS_DIR}/ZVActivityIndicatorView/ZVActivityIndicatorView.framework",
				"${BUILT_PRODUCTS_DIR}/ZVProgressHUD/ZVProgressHUD.framework",
			);
			name = "[CP] Embed Pods Frameworks";
			outputPaths = (
				"${TARGET_BUILD_DIR}/${FRAMEWORKS_FOLDER_PATH}/ZVActivityIndicatorView.framework",
				"${TARGET_BUILD_DIR}/${FRAMEWORKS_FOLDER_PATH}/ZVProgressHUD.framework",
			);
			runOnlyForDeploymentPostprocessing = 0;
			shellPath = /bin/sh;
			shellScript = "\"${SRCROOT}/Pods/Target Support Files/Pods-SocraticaPlus/Pods-SocraticaPlus-frameworks.sh\"\n";
			showEnvVarsInLog = 0;
		};
		B82F2E6F6921165DAE52B980 /* [CP] Check Pods Manifest.lock */ = {
			isa = PBXShellScriptBuildPhase;
			buildActionMask = 2147483647;
			files = (
			);
			inputPaths = (
				"${PODS_PODFILE_DIR_PATH}/Podfile.lock",
				"${PODS_ROOT}/Manifest.lock",
			);
			name = "[CP] Check Pods Manifest.lock";
			outputPaths = (
				"$(DERIVED_FILE_DIR)/Pods-SocraticaPlus-checkManifestLockResult.txt",
			);
			runOnlyForDeploymentPostprocessing = 0;
			shellPath = /bin/sh;
			shellScript = "diff \"${PODS_PODFILE_DIR_PATH}/Podfile.lock\" \"${PODS_ROOT}/Manifest.lock\" > /dev/null\nif [ $? != 0 ] ; then\n    # print error to STDERR\n    echo \"error: The sandbox is not in sync with the Podfile.lock. Run 'pod install' or update your CocoaPods installation.\" >&2\n    exit 1\nfi\n# This output is used by Xcode 'outputs' to avoid re-running this script phase.\necho \"SUCCESS\" > \"${SCRIPT_OUTPUT_FILE_0}\"\n";
			showEnvVarsInLog = 0;
		};
/* End PBXShellScriptBuildPhase section */

/* Begin PBXSourcesBuildPhase section */
		F6769C5F21672B9100739EBA /* Sources */ = {
			isa = PBXSourcesBuildPhase;
			buildActionMask = 2147483647;
			files = (
				F6297B0221A9E354007AB15B /* Constants.swift in Sources */,
				F6929432216CABFC00D8B782 /* NKVPhonePickerPresenter.swift in Sources */,
				F6297B0021A9E34E007AB15B /* SocraticaSharedClass.swift in Sources */,
				89C6510222129F3300CAB0B5 /* ReportsCell.swift in Sources */,
				F6769C7C21674BE300739EBA /* OTPViewController.swift in Sources */,
				89C650FC2212840C00CAB0B5 /* NotificationsCell.swift in Sources */,
				F6769C6F21672B9100739EBA /* SocraticaPlus.xcdatamodeld in Sources */,
				F67ADBF821676A1B00FD5878 /* CustomButton.swift in Sources */,
				F692942B216CABFC00D8B782 /* CountryCode.swift in Sources */,
				F6929436216CABFC00D8B782 /* NKVPhoneFormatter.swift in Sources */,
				F692943D216CD36200D8B782 /* ForgotPasswordVC.swift in Sources */,
				F6929433216CABFC00D8B782 /* CountriesViewController.swift in Sources */,
				F692942F216CABFC00D8B782 /* NKVFlagView.swift in Sources */,
				F692942E216CABFC00D8B782 /* Country.swift in Sources */,
				F6929435216CABFC00D8B782 /* NKVSourcesHelper.swift in Sources */,
				F692943B216CCA1400D8B782 /* LoginViewController.swift in Sources */,
				F67ADBF921676A1B00FD5878 /* CustomLabel.swift in Sources */,
				F6769C6921672B9100739EBA /* ViewController.swift in Sources */,
				890E4F3B221AB833002EF346 /* ChatViewController.swift in Sources */,
				F6929431216CABFC00D8B782 /* TextFieldWithPattern.swift in Sources */,
				F6929430216CABFC00D8B782 /* NKVPhonePickerTextField.swift in Sources */,
				F692942C216CABFC00D8B782 /* PhoneExtension.swift in Sources */,
				F6929437216CABFC00D8B782 /* NKVLocalizationHelper.swift in Sources */,
				89C650F82211398F00CAB0B5 /* ParentDetailsViewController.swift in Sources */,
				89C6510522129F9000CAB0B5 /* ReportsViewController.swift in Sources */,
				F67ADBFE21677D6300FD5878 /* HomeViewController.swift in Sources */,
				F6769C6721672B9100739EBA /* AppDelegate.swift in Sources */,
				F6297B0421A9E3F8007AB15B /* SocraticaWebserviceCalls.swift in Sources */,
				F67ADBFC2167779000FD5878 /* CreatePwdViewController.swift in Sources */,
				89C650FF2212926B00CAB0B5 /* NotificationsViewController.swift in Sources */,
				F692942D216CABFC00D8B782 /* NKVSource.swift in Sources */,
				F67ADBF721676A1B00FD5878 /* CustomTextField.swift in Sources */,
			);
			runOnlyForDeploymentPostprocessing = 0;
		};
/* End PBXSourcesBuildPhase section */

/* Begin PBXVariantGroup section */
		F6769C6A21672B9100739EBA /* Main.storyboard */ = {
			isa = PBXVariantGroup;
			children = (
				F6769C6B21672B9100739EBA /* Base */,
			);
			name = Main.storyboard;
			sourceTree = "<group>";
		};
		F6769C7221672B9300739EBA /* LaunchScreen.storyboard */ = {
			isa = PBXVariantGroup;
			children = (
				F6769C7321672B9300739EBA /* Base */,
			);
			name = LaunchScreen.storyboard;
			sourceTree = "<group>";
		};
/* End PBXVariantGroup section */

/* Begin XCBuildConfiguration section */
		F6769C7621672B9300739EBA /* Debug */ = {
			isa = XCBuildConfiguration;
			buildSettings = {
				ALWAYS_SEARCH_USER_PATHS = NO;
				CLANG_ANALYZER_NONNULL = YES;
				CLANG_ANALYZER_NUMBER_OBJECT_CONVERSION = YES_AGGRESSIVE;
				CLANG_CXX_LANGUAGE_STANDARD = "gnu++14";
				CLANG_CXX_LIBRARY = "libc++";
				CLANG_ENABLE_MODULES = YES;
				CLANG_ENABLE_OBJC_ARC = YES;
				CLANG_ENABLE_OBJC_WEAK = YES;
				CLANG_WARN_BLOCK_CAPTURE_AUTORELEASING = YES;
				CLANG_WARN_BOOL_CONVERSION = YES;
				CLANG_WARN_COMMA = YES;
				CLANG_WARN_CONSTANT_CONVERSION = YES;
				CLANG_WARN_DEPRECATED_OBJC_IMPLEMENTATIONS = YES;
				CLANG_WARN_DIRECT_OBJC_ISA_USAGE = YES_ERROR;
				CLANG_WARN_DOCUMENTATION_COMMENTS = YES;
				CLANG_WARN_EMPTY_BODY = YES;
				CLANG_WARN_ENUM_CONVERSION = YES;
				CLANG_WARN_INFINITE_RECURSION = YES;
				CLANG_WARN_INT_CONVERSION = YES;
				CLANG_WARN_NON_LITERAL_NULL_CONVERSION = YES;
				CLANG_WARN_OBJC_IMPLICIT_RETAIN_SELF = YES;
				CLANG_WARN_OBJC_LITERAL_CONVERSION = YES;
				CLANG_WARN_OBJC_ROOT_CLASS = YES_ERROR;
				CLANG_WARN_RANGE_LOOP_ANALYSIS = YES;
				CLANG_WARN_STRICT_PROTOTYPES = YES;
				CLANG_WARN_SUSPICIOUS_MOVE = YES;
				CLANG_WARN_UNGUARDED_AVAILABILITY = YES_AGGRESSIVE;
				CLANG_WARN_UNREACHABLE_CODE = YES;
				CLANG_WARN__DUPLICATE_METHOD_MATCH = YES;
				CODE_SIGN_IDENTITY = "iPhone Developer";
				COPY_PHASE_STRIP = NO;
				DEBUG_INFORMATION_FORMAT = dwarf;
				ENABLE_STRICT_OBJC_MSGSEND = YES;
				ENABLE_TESTABILITY = YES;
				GCC_C_LANGUAGE_STANDARD = gnu11;
				GCC_DYNAMIC_NO_PIC = NO;
				GCC_NO_COMMON_BLOCKS = YES;
				GCC_OPTIMIZATION_LEVEL = 0;
				GCC_PREPROCESSOR_DEFINITIONS = (
					"DEBUG=1",
					"$(inherited)",
				);
				GCC_WARN_64_TO_32_BIT_CONVERSION = YES;
				GCC_WARN_ABOUT_RETURN_TYPE = YES_ERROR;
				GCC_WARN_UNDECLARED_SELECTOR = YES;
				GCC_WARN_UNINITIALIZED_AUTOS = YES_AGGRESSIVE;
				GCC_WARN_UNUSED_FUNCTION = YES;
				GCC_WARN_UNUSED_VARIABLE = YES;
				IPHONEOS_DEPLOYMENT_TARGET = 11.4;
				MTL_ENABLE_DEBUG_INFO = YES;
				ONLY_ACTIVE_ARCH = YES;
				SDKROOT = iphoneos;
				SWIFT_ACTIVE_COMPILATION_CONDITIONS = DEBUG;
				SWIFT_OPTIMIZATION_LEVEL = "-Onone";
			};
			name = Debug;
		};
		F6769C7721672B9300739EBA /* Release */ = {
			isa = XCBuildConfiguration;
			buildSettings = {
				ALWAYS_SEARCH_USER_PATHS = NO;
				CLANG_ANALYZER_NONNULL = YES;
				CLANG_ANALYZER_NUMBER_OBJECT_CONVERSION = YES_AGGRESSIVE;
				CLANG_CXX_LANGUAGE_STANDARD = "gnu++14";
				CLANG_CXX_LIBRARY = "libc++";
				CLANG_ENABLE_MODULES = YES;
				CLANG_ENABLE_OBJC_ARC = YES;
				CLANG_ENABLE_OBJC_WEAK = YES;
				CLANG_WARN_BLOCK_CAPTURE_AUTORELEASING = YES;
				CLANG_WARN_BOOL_CONVERSION = YES;
				CLANG_WARN_COMMA = YES;
				CLANG_WARN_CONSTANT_CONVERSION = YES;
				CLANG_WARN_DEPRECATED_OBJC_IMPLEMENTATIONS = YES;
				CLANG_WARN_DIRECT_OBJC_ISA_USAGE = YES_ERROR;
				CLANG_WARN_DOCUMENTATION_COMMENTS = YES;
				CLANG_WARN_EMPTY_BODY = YES;
				CLANG_WARN_ENUM_CONVERSION = YES;
				CLANG_WARN_INFINITE_RECURSION = YES;
				CLANG_WARN_INT_CONVERSION = YES;
				CLANG_WARN_NON_LITERAL_NULL_CONVERSION = YES;
				CLANG_WARN_OBJC_IMPLICIT_RETAIN_SELF = YES;
				CLANG_WARN_OBJC_LITERAL_CONVERSION = YES;
				CLANG_WARN_OBJC_ROOT_CLASS = YES_ERROR;
				CLANG_WARN_RANGE_LOOP_ANALYSIS = YES;
				CLANG_WARN_STRICT_PROTOTYPES = YES;
				CLANG_WARN_SUSPICIOUS_MOVE = YES;
				CLANG_WARN_UNGUARDED_AVAILABILITY = YES_AGGRESSIVE;
				CLANG_WARN_UNREACHABLE_CODE = YES;
				CLANG_WARN__DUPLICATE_METHOD_MATCH = YES;
				CODE_SIGN_IDENTITY = "iPhone Developer";
				COPY_PHASE_STRIP = NO;
				DEBUG_INFORMATION_FORMAT = "dwarf-with-dsym";
				ENABLE_NS_ASSERTIONS = NO;
				ENABLE_STRICT_OBJC_MSGSEND = YES;
				GCC_C_LANGUAGE_STANDARD = gnu11;
				GCC_NO_COMMON_BLOCKS = YES;
				GCC_WARN_64_TO_32_BIT_CONVERSION = YES;
				GCC_WARN_ABOUT_RETURN_TYPE = YES_ERROR;
				GCC_WARN_UNDECLARED_SELECTOR = YES;
				GCC_WARN_UNINITIALIZED_AUTOS = YES_AGGRESSIVE;
				GCC_WARN_UNUSED_FUNCTION = YES;
				GCC_WARN_UNUSED_VARIABLE = YES;
				IPHONEOS_DEPLOYMENT_TARGET = 11.4;
				MTL_ENABLE_DEBUG_INFO = NO;
				SDKROOT = iphoneos;
				SWIFT_COMPILATION_MODE = wholemodule;
				SWIFT_OPTIMIZATION_LEVEL = "-O";
				VALIDATE_PRODUCT = YES;
			};
			name = Release;
		};
		F6769C7921672B9300739EBA /* Debug */ = {
			isa = XCBuildConfiguration;
			baseConfigurationReference = 2659D0C365AA67865B87134D /* Pods-SocraticaPlus.debug.xcconfig */;
			buildSettings = {
				ASSETCATALOG_COMPILER_APPICON_NAME = AppIcon;
				CODE_SIGN_IDENTITY = "iPhone Developer";
				CODE_SIGN_STYLE = Manual;
				DEVELOPMENT_TEAM = 97LAY2T7JT;
				INFOPLIST_FILE = SocraticaPlus/Info.plist;
				LD_RUNPATH_SEARCH_PATHS = (
					"$(inherited)",
					"@executable_path/Frameworks",
				);
				PRODUCT_BUNDLE_IDENTIFIER = com.tech.socratica.dev;
				PRODUCT_NAME = "$(TARGET_NAME)";
				PROVISIONING_PROFILE_SPECIFIER = RegistrationNewScoratica;
				SWIFT_VERSION = 4.0;
				TARGETED_DEVICE_FAMILY = "1,2";
			};
			name = Debug;
		};
		F6769C7A21672B9300739EBA /* Release */ = {
			isa = XCBuildConfiguration;
			baseConfigurationReference = 10E58274DC412E945A7102C3 /* Pods-SocraticaPlus.release.xcconfig */;
			buildSettings = {
				ASSETCATALOG_COMPILER_APPICON_NAME = AppIcon;
				CODE_SIGN_IDENTITY = "iPhone Developer";
				CODE_SIGN_STYLE = Manual;
				DEVELOPMENT_TEAM = 97LAY2T7JT;
				INFOPLIST_FILE = SocraticaPlus/Info.plist;
				LD_RUNPATH_SEARCH_PATHS = (
					"$(inherited)",
					"@executable_path/Frameworks",
				);
				PRODUCT_BUNDLE_IDENTIFIER = com.tech.socratica.dev;
				PRODUCT_NAME = "$(TARGET_NAME)";
				PROVISIONING_PROFILE_SPECIFIER = RegistrationNewScoratica;
				SWIFT_VERSION = 4.0;
				TARGETED_DEVICE_FAMILY = "1,2";
			};
			name = Release;
		};
/* End XCBuildConfiguration section */

/* Begin XCConfigurationList section */
		F6769C5E21672B9100739EBA /* Build configuration list for PBXProject "SocraticaPlus" */ = {
			isa = XCConfigurationList;
			buildConfigurations = (
				F6769C7621672B9300739EBA /* Debug */,
				F6769C7721672B9300739EBA /* Release */,
			);
			defaultConfigurationIsVisible = 0;
			defaultConfigurationName = Release;
		};
		F6769C7821672B9300739EBA /* Build configuration list for PBXNativeTarget "SocraticaPlus" */ = {
			isa = XCConfigurationList;
			buildConfigurations = (
				F6769C7921672B9300739EBA /* Debug */,
				F6769C7A21672B9300739EBA /* Release */,
			);
			defaultConfigurationIsVisible = 0;
			defaultConfigurationName = Release;
		};
/* End XCConfigurationList section */

/* Begin XCVersionGroup section */
		F6769C6D21672B9100739EBA /* SocraticaPlus.xcdatamodeld */ = {
			isa = XCVersionGroup;
			children = (
				F6769C6E21672B9100739EBA /* SocraticaPlus.xcdatamodel */,
			);
			currentVersion = F6769C6E21672B9100739EBA /* SocraticaPlus.xcdatamodel */;
			path = SocraticaPlus.xcdatamodeld;
			sourceTree = "<group>";
			versionGroupType = wrapper.xcdatamodel;
		};
/* End XCVersionGroup section */
	};
	rootObject = F6769C5B21672B9100739EBA /* Project object */;
}
